
Microsoft Visual Studio Solution File, Format Version 12.00
# Visual Studio Version 16
VisualStudioVersion = 16.0.30105.148
MinimumVisualStudioVersion = 10.0.40219.1
Project("{9A19103F-16F7-4668-BE54-9A1E7A4F7556}") = "Actionstep.API.WebClient", "Actionstep.API.WebClient.csproj", "{7203A175-4C39-447E-BE36-2F433B5722E0}"
EndProject
Global
	GlobalSection(SolutionConfigurationPlatforms) = preSolution
		Debug|Any CPU = Debug|Any CPU
		Release|Any CPU = Release|Any CPU
	EndGlobalSection
	GlobalSection(ProjectConfigurationPlatforms) = postSolution
		{7203A175-4C39-447E-BE36-2F433B5722E0}.Debug|Any CPU.ActiveCfg = Debug|Any CPU
		{7203A175-4C39-447E-BE36-2F433B5722E0}.Debug|Any CPU.Build.0 = Debug|Any CPU
		{7203A175-4C39-447E-BE36-2F433B5722E0}.Release|Any CPU.ActiveCfg = Release|Any CPU
		{7203A175-4C39-447E-BE36-2F433B5722E0}.Release|Any CPU.Build.0 = Release|Any CPU
	EndGlobalSection
	GlobalSection(SolutionProperties) = preSolution
		HideSolutionNode = FALSE
	EndGlobalSection
	GlobalSection(ExtensibilityGlobals) = postSolution
		SolutionGuid = {2BB6751F-BDA1-4FF8-B448-C96D84BFE0FF}
	EndGlobalSection
EndGlobal
